
Microsoft Visual Studio Solution File, Format Version 12.00
# Visual Studio Version 16
VisualStudioVersion = 16.0.29609.76
MinimumVisualStudioVersion = 10.0.40219.1
Project("{9A19103F-16F7-4668-BE54-9A1E7A4F7556}") = "CC98.Medal", "CC98.Medal\CC98.Medal.csproj", "{9EF08204-D6F0-4F5C-9B3E-C36560513E07}"
EndProject
Project("{2150E333-8FDC-42A3-9474-1A3956D46DE8}") = "Solution Items", "Solution Items", "{15F6E1C2-05D2-41B7-9D50-46B62D7772A3}"
	ProjectSection(SolutionItems) = preProject
		nuget.config = nuget.config
	EndProjectSection
EndProject
Global
	GlobalSection(SolutionConfigurationPlatforms) = preSolution
		Debug|Any CPU = Debug|Any CPU
		Release|Any CPU = Release|Any CPU
	EndGlobalSection
	GlobalSection(ProjectConfigurationPlatforms) = postSolution
		{9EF08204-D6F0-4F5C-9B3E-C36560513E07}.Debug|Any CPU.ActiveCfg = Debug|Any CPU
		{9EF08204-D6F0-4F5C-9B3E-C36560513E07}.Debug|Any CPU.Build.0 = Debug|Any CPU
		{9EF08204-D6F0-4F5C-9B3E-C36560513E07}.Release|Any CPU.ActiveCfg = Release|Any CPU
		{9EF08204-D6F0-4F5C-9B3E-C36560513E07}.Release|Any CPU.Build.0 = Release|Any CPU
	EndGlobalSection
	GlobalSection(SolutionProperties) = preSolution
		HideSolutionNode = FALSE
	EndGlobalSection
	GlobalSection(ExtensibilityGlobals) = postSolution
		SolutionGuid = {29A7C27D-6CA1-4492-BB19-35E7DA13DB31}
	EndGlobalSection
EndGlobal
